schema: '2.0'
stages:
  split:
    cmd: python src/data/data_split.py
    deps:
    - path: data/raw/raw.csv
      hash: md5
      md5: 617b56af2992376d5c3e91ad80823898
      size: 333757
    - path: src/data/data_split.py
      hash: md5
      md5: 726b663e01a2b8e9c63823b382f6575a
      size: 525
    outs:
    - path: data/processed/X_test.csv
      hash: md5
      md5: b6c2910e3b3fc562c5b516b63fc3e22c
      size: 59909
    - path: data/processed/X_train.csv
      hash: md5
      md5: ef01f67c035349e375300528a99938f5
      size: 238533
    - path: data/processed/y_test.csv
      hash: md5
      md5: a051d29629c8bbb4cfb7e85c7f0315da
      size: 6456
    - path: data/processed/y_train.csv
      hash: md5
      md5: a9cd9d91da89f732843d72548f64ded3
      size: 25951
  normalize:
    cmd: python src/data/normalize.py
    deps:
    - path: data/processed/X_test.csv
      hash: md5
      md5: b6c2910e3b3fc562c5b516b63fc3e22c
      size: 59909
    - path: data/processed/X_train.csv
      hash: md5
      md5: ef01f67c035349e375300528a99938f5
      size: 238533
    - path: src/data/normalize.py
      hash: md5
      md5: 4806180dcddd1289c8f63b52bdb6df6a
      size: 683
    outs:
    - path: data/processed/X_test_scaled.csv
      hash: md5
      md5: 5e079189af6bd091d651a89fafb1c290
      size: 57026
    - path: data/processed/X_train_scaled.csv
      hash: md5
      md5: c1b80eb7f083888b625dd0369cf381f8
      size: 227497
  gridsearch:
    cmd: python src/models/grid_search.py
    deps:
    - path: data/processed/X_train_scaled.csv
      hash: md5
      md5: c1b80eb7f083888b625dd0369cf381f8
      size: 227497
    - path: data/processed/y_train.csv
      hash: md5
      md5: a9cd9d91da89f732843d72548f64ded3
      size: 25951
    - path: src/models/grid_search.py
      hash: md5
      md5: 81bc4709589349c8fcdb76e965649f2d
      size: 728
    params:
      params.yaml:
        gridsearch.learning_rate:
        - 0.05
        - 0.1
        gridsearch.max_depth:
        - 3
        - 5
        gridsearch.n_estimators:
        - 50
        - 100
    outs:
    - path: models/best_params.pkl
      hash: md5
      md5: fc88df180f55033ad250f38a6d6bfbcb
      size: 72
  training:
    cmd: python src/models/training.py
    deps:
    - path: data/processed/X_train_scaled.csv
      hash: md5
      md5: c1b80eb7f083888b625dd0369cf381f8
      size: 227497
    - path: data/processed/y_train.csv
      hash: md5
      md5: a9cd9d91da89f732843d72548f64ded3
      size: 25951
    - path: models/best_params.pkl
      hash: md5
      md5: fc88df180f55033ad250f38a6d6bfbcb
      size: 72
    - path: src/models/training.py
      hash: md5
      md5: 99c40f6d602b8dd425dce4bd6e67b306
      size: 449
    outs:
    - path: models/gbr_model.pkl
      hash: md5
      md5: a114cd52195fdc13dbf1a2eab75b0e66
      size: 393345
  evaluate:
    cmd: python src/models/evaluate.py
    deps:
    - path: data/processed/X_test_scaled.csv
      hash: md5
      md5: 5e079189af6bd091d651a89fafb1c290
      size: 57026
    - path: data/processed/y_test.csv
      hash: md5
      md5: a051d29629c8bbb4cfb7e85c7f0315da
      size: 6456
    - path: models/gbr_model.pkl
      hash: md5
      md5: a114cd52195fdc13dbf1a2eab75b0e66
      size: 393345
    - path: src/models/evaluate.py
      hash: md5
      md5: b15b423aabaacd6caac7c2fd09d34b46
      size: 620
    outs:
    - path: data/prediction.csv
      hash: md5
      md5: 488641388f6ddc7cc105ad15c56839e2
      size: 13217
    - path: metrics/scores.json
      hash: md5
      md5: 9793bf1d8d065fe284e30f9528fb6f44
      size: 64
